// !$*UTF8*$!
{
	archiveVersion = 1;
	classes = {
	};
	objectVersion = 50;
	objects = {

/* Begin PBXBuildFile section */
		6033BB8221947AA70085666B /* AppDelegate.swift in Sources */ = {isa = PBXBuildFile; fileRef = 6033BB8121947AA70085666B /* AppDelegate.swift */; };
		6033BB8421947AA70085666B /* ViewController.swift in Sources */ = {isa = PBXBuildFile; fileRef = 6033BB8321947AA70085666B /* ViewController.swift */; };
		6033BB8621947AA80085666B /* Assets.xcassets in Resources */ = {isa = PBXBuildFile; fileRef = 6033BB8521947AA80085666B /* Assets.xcassets */; };
		6033BB8921947AA80085666B /* Main.storyboard in Resources */ = {isa = PBXBuildFile; fileRef = 6033BB8721947AA80085666B /* Main.storyboard */; };
		6033BB92219579870085666B /* DropArea.swift in Sources */ = {isa = PBXBuildFile; fileRef = 6033BB91219579870085666B /* DropArea.swift */; };
		6033BB9421958D9B0085666B /* FileHandler.swift in Sources */ = {isa = PBXBuildFile; fileRef = 6033BB9321958D9B0085666B /* FileHandler.swift */; };
		6033BB9621958E8E0085666B /* DCrypt.swift in Sources */ = {isa = PBXBuildFile; fileRef = 6033BB9521958E8E0085666B /* DCrypt.swift */; };
		6033BBC5219985A70085666B /* Tafelsalz.framework in Frameworks */ = {isa = PBXBuildFile; fileRef = 6033BBB8219985590085666B /* Tafelsalz.framework */; };
		6033BBC6219985A70085666B /* Tafelsalz.framework in Embed Frameworks */ = {isa = PBXBuildFile; fileRef = 6033BBB8219985590085666B /* Tafelsalz.framework */; settings = {ATTRIBUTES = (CodeSignOnCopy, RemoveHeadersOnCopy, ); }; };
		6033BBDA219986560085666B /* Keychain.framework in Frameworks */ = {isa = PBXBuildFile; fileRef = 6033BBD9219986560085666B /* Keychain.framework */; };
		6033BBDB219986560085666B /* Keychain.framework in Embed Frameworks */ = {isa = PBXBuildFile; fileRef = 6033BBD9219986560085666B /* Keychain.framework */; settings = {ATTRIBUTES = (CodeSignOnCopy, RemoveHeadersOnCopy, ); }; };
		6033BBF6219B1A0F0085666B /* DCryptTests.swift in Sources */ = {isa = PBXBuildFile; fileRef = 6033BBF5219B1A0F0085666B /* DCryptTests.swift */; };
/* End PBXBuildFile section */

/* Begin PBXContainerItemProxy section */
		6033BBB7219985590085666B /* PBXContainerItemProxy */ = {
			isa = PBXContainerItemProxy;
			containerPortal = 6033BBAF219985590085666B /* Tafelsalz.xcodeproj */;
			proxyType = 2;
			remoteGlobalIDString = 60C695461DBDE36100CE9435;
			remoteInfo = Tafelsalz_macOS;
		};
		6033BBB9219985590085666B /* PBXContainerItemProxy */ = {
			isa = PBXContainerItemProxy;
			containerPortal = 6033BBAF219985590085666B /* Tafelsalz.xcodeproj */;
			proxyType = 2;
			remoteGlobalIDString = 6096E76C1F1A654000E6599F;
			remoteInfo = Tafelsalz_iOS;
		};
		6033BBBB219985590085666B /* PBXContainerItemProxy */ = {
			isa = PBXContainerItemProxy;
			containerPortal = 6033BBAF219985590085666B /* Tafelsalz.xcodeproj */;
			proxyType = 2;
			remoteGlobalIDString = 60C6954F1DBDE36100CE9435;
			remoteInfo = TafelsalzTests_macOS;
		};
		6033BBBD219985590085666B /* PBXContainerItemProxy */ = {
			isa = PBXContainerItemProxy;
			containerPortal = 6033BBAF219985590085666B /* Tafelsalz.xcodeproj */;
			proxyType = 2;
			remoteGlobalIDString = 6096E7741F1A654100E6599F;
			remoteInfo = TafelsalzTests_iOS;
		};
		6033BBBF219985590085666B /* PBXContainerItemProxy */ = {
			isa = PBXContainerItemProxy;
			containerPortal = 6033BBAF219985590085666B /* Tafelsalz.xcodeproj */;
			proxyType = 2;
			remoteGlobalIDString = 607EFC4F1F8D018B0084692A;
			remoteInfo = TafelsalzTestHost;
		};
		6033BBC7219985A70085666B /* PBXContainerItemProxy */ = {
			isa = PBXContainerItemProxy;
			containerPortal = 6033BBAF219985590085666B /* Tafelsalz.xcodeproj */;
			proxyType = 1;
			remoteGlobalIDString = 60C695451DBDE36000CE9435;
			remoteInfo = Tafelsalz_macOS;
		};
		6033BBF8219B1A0F0085666B /* PBXContainerItemProxy */ = {
			isa = PBXContainerItemProxy;
			containerPortal = 6033BB7621947AA70085666B /* Project object */;
			proxyType = 1;
			remoteGlobalIDString = 6033BB7D21947AA70085666B;
			remoteInfo = DCrypt;
		};
/* End PBXContainerItemProxy section */

/* Begin PBXCopyFilesBuildPhase section */
		6033BBC42199859E0085666B /* Embed Frameworks */ = {
			isa = PBXCopyFilesBuildPhase;
			buildActionMask = 2147483647;
			dstPath = "";
			dstSubfolderSpec = 10;
			files = (
				6033BBDB219986560085666B /* Keychain.framework in Embed Frameworks */,
				6033BBC6219985A70085666B /* Tafelsalz.framework in Embed Frameworks */,
			);
			name = "Embed Frameworks";
			runOnlyForDeploymentPostprocessing = 0;
		};
/* End PBXCopyFilesBuildPhase section */

/* Begin PBXFileReference section */
		6033BB7E21947AA70085666B /* DCrypt.app */ = {isa = PBXFileReference; explicitFileType = wrapper.application; includeInIndex = 0; path = DCrypt.app; sourceTree = BUILT_PRODUCTS_DIR; };
		6033BB8121947AA70085666B /* AppDelegate.swift */ = {isa = PBXFileReference; lastKnownFileType = sourcecode.swift; path = AppDelegate.swift; sourceTree = "<group>"; };
		6033BB8321947AA70085666B /* ViewController.swift */ = {isa = PBXFileReference; lastKnownFileType = sourcecode.swift; path = ViewController.swift; sourceTree = "<group>"; };
		6033BB8521947AA80085666B /* Assets.xcassets */ = {isa = PBXFileReference; lastKnownFileType = folder.assetcatalog; path = Assets.xcassets; sourceTree = "<group>"; };
		6033BB8821947AA80085666B /* Base */ = {isa = PBXFileReference; lastKnownFileType = file.storyboard; name = Base; path = Base.lproj/Main.storyboard; sourceTree = "<group>"; };
		6033BB8A21947AA80085666B /* Info.plist */ = {isa = PBXFileReference; lastKnownFileType = text.plist.xml; path = Info.plist; sourceTree = "<group>"; };
		6033BB8B21947AA80085666B /* DCrypt.entitlements */ = {isa = PBXFileReference; lastKnownFileType = text.plist.entitlements; path = DCrypt.entitlements; sourceTree = "<group>"; };
		6033BB91219579870085666B /* DropArea.swift */ = {isa = PBXFileReference; lastKnownFileType = sourcecode.swift; path = DropArea.swift; sourceTree = "<group>"; };
		6033BB9321958D9B0085666B /* FileHandler.swift */ = {isa = PBXFileReference; lastKnownFileType = sourcecode.swift; path = FileHandler.swift; sourceTree = "<group>"; };
		6033BB9521958E8E0085666B /* DCrypt.swift */ = {isa = PBXFileReference; lastKnownFileType = sourcecode.swift; path = DCrypt.swift; sourceTree = "<group>"; };
		6033BBAF219985590085666B /* Tafelsalz.xcodeproj */ = {isa = PBXFileReference; lastKnownFileType = "wrapper.pb-project"; name = Tafelsalz.xcodeproj; path = Dependencies/Tafelsalz/Tafelsalz.xcodeproj; sourceTree = "<group>"; };
		6033BBD9219986560085666B /* Keychain.framework */ = {isa = PBXFileReference; explicitFileType = wrapper.framework; path = Keychain.framework; sourceTree = BUILT_PRODUCTS_DIR; };
		6033BBF3219B1A0F0085666B /* DCryptTests.xctest */ = {isa = PBXFileReference; explicitFileType = wrapper.cfbundle; includeInIndex = 0; path = DCryptTests.xctest; sourceTree = BUILT_PRODUCTS_DIR; };
		6033BBF5219B1A0F0085666B /* DCryptTests.swift */ = {isa = PBXFileReference; lastKnownFileType = sourcecode.swift; path = DCryptTests.swift; sourceTree = "<group>"; };
		6033BBF7219B1A0F0085666B /* Info.plist */ = {isa = PBXFileReference; lastKnownFileType = text.plist.xml; path = Info.plist; sourceTree = "<group>"; };
/* End PBXFileReference section */

/* Begin PBXFrameworksBuildPhase section */
		6033BB7B21947AA70085666B /* Frameworks */ = {
			isa = PBXFrameworksBuildPhase;
			buildActionMask = 2147483647;
			files = (
				6033BBDA219986560085666B /* Keychain.framework in Frameworks */,
				6033BBC5219985A70085666B /* Tafelsalz.framework in Frameworks */,
			);
			runOnlyForDeploymentPostprocessing = 0;
		};
		6033BBF0219B1A0F0085666B /* Frameworks */ = {
			isa = PBXFrameworksBuildPhase;
			buildActionMask = 2147483647;
			files = (
			);
			runOnlyForDeploymentPostprocessing = 0;
		};
/* End PBXFrameworksBuildPhase section */

/* Begin PBXGroup section */
		6033BB7521947AA70085666B = {
			isa = PBXGroup;
			children = (
				6033BBD9219986560085666B /* Keychain.framework */,
				6033BB8021947AA70085666B /* DCrypt */,
				6033BBF4219B1A0F0085666B /* DCryptTests */,
				6033BBAE219985540085666B /* Dependencies */,
				6033BB7F21947AA70085666B /* Products */,
			);
			sourceTree = "<group>";
		};
		6033BB7F21947AA70085666B /* Products */ = {
			isa = PBXGroup;
			children = (
				6033BB7E21947AA70085666B /* DCrypt.app */,
				6033BBF3219B1A0F0085666B /* DCryptTests.xctest */,
			);
			name = Products;
			sourceTree = "<group>";
		};
		6033BB8021947AA70085666B /* DCrypt */ = {
			isa = PBXGroup;
			children = (
				6033BB8121947AA70085666B /* AppDelegate.swift */,
				6033BB91219579870085666B /* DropArea.swift */,
				6033BB9321958D9B0085666B /* FileHandler.swift */,
				6033BB9521958E8E0085666B /* DCrypt.swift */,
				6033BB8321947AA70085666B /* ViewController.swift */,
				6033BB8521947AA80085666B /* Assets.xcassets */,
				6033BB8721947AA80085666B /* Main.storyboard */,
				6033BB8A21947AA80085666B /* Info.plist */,
				6033BB8B21947AA80085666B /* DCrypt.entitlements */,
			);
			path = DCrypt;
			sourceTree = "<group>";
		};
		6033BBAE219985540085666B /* Dependencies */ = {
			isa = PBXGroup;
			children = (
				6033BBAF219985590085666B /* Tafelsalz.xcodeproj */,
			);
			name = Dependencies;
			sourceTree = "<group>";
		};
		6033BBB0219985590085666B /* Products */ = {
			isa = PBXGroup;
			children = (
				6033BBB8219985590085666B /* Tafelsalz.framework */,
				6033BBBA219985590085666B /* Tafelsalz.framework */,
				6033BBBC219985590085666B /* TafelsalzTests.xctest */,
				6033BBBE219985590085666B /* TafelsalzTests.xctest */,
				6033BBC0219985590085666B /* TafelsalzTestHost.app */,
			);
			name = Products;
			sourceTree = "<group>";
		};
		6033BBF4219B1A0F0085666B /* DCryptTests */ = {
			isa = PBXGroup;
			children = (
				6033BBF5219B1A0F0085666B /* DCryptTests.swift */,
				6033BBF7219B1A0F0085666B /* Info.plist */,
			);
			path = DCryptTests;
			sourceTree = "<group>";
		};
/* End PBXGroup section */

/* Begin PBXNativeTarget section */
		6033BB7D21947AA70085666B /* DCrypt */ = {
			isa = PBXNativeTarget;
			buildConfigurationList = 6033BB8E21947AA80085666B /* Build configuration list for PBXNativeTarget "DCrypt" */;
			buildPhases = (
				6033BB7A21947AA70085666B /* Sources */,
				6033BB7B21947AA70085666B /* Frameworks */,
				6033BB7C21947AA70085666B /* Resources */,
				6033BBC42199859E0085666B /* Embed Frameworks */,
			);
			buildRules = (
			);
			dependencies = (
				6033BBC8219985A70085666B /* PBXTargetDependency */,
			);
			name = DCrypt;
			productName = DCrypt;
			productReference = 6033BB7E21947AA70085666B /* DCrypt.app */;
			productType = "com.apple.product-type.application";
		};
		6033BBF2219B1A0F0085666B /* DCryptTests */ = {
			isa = PBXNativeTarget;
			buildConfigurationList = 6033BC00219B1A0F0085666B /* Build configuration list for PBXNativeTarget "DCryptTests" */;
			buildPhases = (
				6033BBEF219B1A0F0085666B /* Sources */,
				6033BBF0219B1A0F0085666B /* Frameworks */,
				6033BBF1219B1A0F0085666B /* Resources */,
			);
			buildRules = (
			);
			dependencies = (
				6033BBF9219B1A0F0085666B /* PBXTargetDependency */,
			);
			name = DCryptTests;
			productName = DCryptTests;
			productReference = 6033BBF3219B1A0F0085666B /* DCryptTests.xctest */;
			productType = "com.apple.product-type.bundle.unit-test";
		};
/* End PBXNativeTarget section */

/* Begin PBXProject section */
		6033BB7621947AA70085666B /* Project object */ = {
			isa = PBXProject;
			attributes = {
				LastSwiftUpdateCheck = 1010;
				LastUpgradeCheck = 1010;
				ORGANIZATIONNAME = DevCamp;
				TargetAttributes = {
					6033BB7D21947AA70085666B = {
						CreatedOnToolsVersion = 10.1;
						SystemCapabilities = {
							com.apple.Sandbox = {
								enabled = 1;
							};
						};
					};
					6033BBF2219B1A0F0085666B = {
						CreatedOnToolsVersion = 10.1;
						TestTargetID = 6033BB7D21947AA70085666B;
					};
				};
			};
			buildConfigurationList = 6033BB7921947AA70085666B /* Build configuration list for PBXProject "DCrypt" */;
			compatibilityVersion = "Xcode 9.3";
			developmentRegion = en;
			hasScannedForEncodings = 0;
			knownRegions = (
				en,
				Base,
			);
			mainGroup = 6033BB7521947AA70085666B;
			productRefGroup = 6033BB7F21947AA70085666B /* Products */;
			projectDirPath = "";
			projectReferences = (
				{
					ProductGroup = 6033BBB0219985590085666B /* Products */;
					ProjectRef = 6033BBAF219985590085666B /* Tafelsalz.xcodeproj */;
				},
			);
			projectRoot = "";
			targets = (
				6033BB7D21947AA70085666B /* DCrypt */,
				6033BBF2219B1A0F0085666B /* DCryptTests */,
			);
		};
/* End PBXProject section */

/* Begin PBXReferenceProxy section */
		6033BBB8219985590085666B /* Tafelsalz.framework */ = {
			isa = PBXReferenceProxy;
			fileType = wrapper.framework;
			path = Tafelsalz.framework;
			remoteRef = 6033BBB7219985590085666B /* PBXContainerItemProxy */;
			sourceTree = BUILT_PRODUCTS_DIR;
		};
		6033BBBA219985590085666B /* Tafelsalz.framework */ = {
			isa = PBXReferenceProxy;
			fileType = wrapper.framework;
			path = Tafelsalz.framework;
			remoteRef = 6033BBB9219985590085666B /* PBXContainerItemProxy */;
			sourceTree = BUILT_PRODUCTS_DIR;
		};
		6033BBBC219985590085666B /* TafelsalzTests.xctest */ = {
			isa = PBXReferenceProxy;
			fileType = wrapper.cfbundle;
			path = TafelsalzTests.xctest;
			remoteRef = 6033BBBB219985590085666B /* PBXContainerItemProxy */;
			sourceTree = BUILT_PRODUCTS_DIR;
		};
		6033BBBE219985590085666B /* TafelsalzTests.xctest */ = {
			isa = PBXReferenceProxy;
			fileType = wrapper.cfbundle;
			path = TafelsalzTests.xctest;
			remoteRef = 6033BBBD219985590085666B /* PBXContainerItemProxy */;
			sourceTree = BUILT_PRODUCTS_DIR;
		};
		6033BBC0219985590085666B /* TafelsalzTestHost.app */ = {
			isa = PBXReferenceProxy;
			fileType = wrapper.application;
			path = TafelsalzTestHost.app;
			remoteRef = 6033BBBF219985590085666B /* PBXContainerItemProxy */;
			sourceTree = BUILT_PRODUCTS_DIR;
		};
/* End PBXReferenceProxy section */

/* Begin PBXResourcesBuildPhase section */
		6033BB7C21947AA70085666B /* Resources */ = {
			isa = PBXResourcesBuildPhase;
			buildActionMask = 2147483647;
			files = (
				6033BB8621947AA80085666B /* Assets.xcassets in Resources */,
				6033BB8921947AA80085666B /* Main.storyboard in Resources */,
			);
			runOnlyForDeploymentPostprocessing = 0;
		};
		6033BBF1219B1A0F0085666B /* Resources */ = {
			isa = PBXResourcesBuildPhase;
			buildActionMask = 2147483647;
			files = (
			);
			runOnlyForDeploymentPostprocessing = 0;
		};
/* End PBXResourcesBuildPhase section */

/* Begin PBXSourcesBuildPhase section */
		6033BB7A21947AA70085666B /* Sources */ = {
			isa = PBXSourcesBuildPhase;
			buildActionMask = 2147483647;
			files = (
				6033BB92219579870085666B /* DropArea.swift in Sources */,
				6033BB8421947AA70085666B /* ViewController.swift in Sources */,
				6033BB9421958D9B0085666B /* FileHandler.swift in Sources */,
				6033BB8221947AA70085666B /* AppDelegate.swift in Sources */,
				6033BB9621958E8E0085666B /* DCrypt.swift in Sources */,
			);
			runOnlyForDeploymentPostprocessing = 0;
		};
		6033BBEF219B1A0F0085666B /* Sources */ = {
			isa = PBXSourcesBuildPhase;
			buildActionMask = 2147483647;
			files = (
				6033BBF6219B1A0F0085666B /* DCryptTests.swift in Sources */,
			);
			runOnlyForDeploymentPostprocessing = 0;
		};
/* End PBXSourcesBuildPhase section */

/* Begin PBXTargetDependency section */
		6033BBC8219985A70085666B /* PBXTargetDependency */ = {
			isa = PBXTargetDependency;
			name = Tafelsalz_macOS;
			targetProxy = 6033BBC7219985A70085666B /* PBXContainerItemProxy */;
		};
		6033BBF9219B1A0F0085666B /* PBXTargetDependency */ = {
			isa = PBXTargetDependency;
			target = 6033BB7D21947AA70085666B /* DCrypt */;
			targetProxy = 6033BBF8219B1A0F0085666B /* PBXContainerItemProxy */;
		};
/* End PBXTargetDependency section */

/* Begin PBXVariantGroup section */
		6033BB8721947AA80085666B /* Main.storyboard */ = {
			isa = PBXVariantGroup;
			children = (
				6033BB8821947AA80085666B /* Base */,
			);
			name = Main.storyboard;
			sourceTree = "<group>";
		};
/* End PBXVariantGroup section */

/* Begin XCBuildConfiguration section */
		6033BB8C21947AA80085666B /* Debug */ = {
			isa = XCBuildConfiguration;
			buildSettings = {
				ALWAYS_SEARCH_USER_PATHS = NO;
				CLANG_ANALYZER_NONNULL = YES;
				CLANG_ANALYZER_NUMBER_OBJECT_CONVERSION = YES_AGGRESSIVE;
				CLANG_CXX_LANGUAGE_STANDARD = "gnu++14";
				CLANG_CXX_LIBRARY = "libc++";
				CLANG_ENABLE_MODULES = YES;
				CLANG_ENABLE_OBJC_ARC = YES;
				CLANG_ENABLE_OBJC_WEAK = YES;
				CLANG_WARN_BLOCK_CAPTURE_AUTORELEASING = YES;
				CLANG_WARN_BOOL_CONVERSION = YES;
				CLANG_WARN_COMMA = YES;
				CLANG_WARN_CONSTANT_CONVERSION = YES;
				CLANG_WARN_DEPRECATED_OBJC_IMPLEMENTATIONS = YES;
				CLANG_WARN_DIRECT_OBJC_ISA_USAGE = YES_ERROR;
				CLANG_WARN_DOCUMENTATION_COMMENTS = YES;
				CLANG_WARN_EMPTY_BODY = YES;
				CLANG_WARN_ENUM_CONVERSION = YES;
				CLANG_WARN_INFINITE_RECURSION = YES;
				CLANG_WARN_INT_CONVERSION = YES;
				CLANG_WARN_NON_LITERAL_NULL_CONVERSION = YES;
				CLANG_WARN_OBJC_IMPLICIT_RETAIN_SELF = YES;
				CLANG_WARN_OBJC_LITERAL_CONVERSION = YES;
				CLANG_WARN_OBJC_ROOT_CLASS = YES_ERROR;
				CLANG_WARN_RANGE_LOOP_ANALYSIS = YES;
				CLANG_WARN_STRICT_PROTOTYPES = YES;
				CLANG_WARN_SUSPICIOUS_MOVE = YES;
				CLANG_WARN_UNGUARDED_AVAILABILITY = YES_AGGRESSIVE;
				CLANG_WARN_UNREACHABLE_CODE = YES;
				CLANG_WARN__DUPLICATE_METHOD_MATCH = YES;
				CODE_SIGN_IDENTITY = "-";
				COPY_PHASE_STRIP = NO;
				DEBUG_INFORMATION_FORMAT = dwarf;
				ENABLE_STRICT_OBJC_MSGSEND = YES;
				ENABLE_TESTABILITY = YES;
				GCC_C_LANGUAGE_STANDARD = gnu11;
				GCC_DYNAMIC_NO_PIC = NO;
				GCC_NO_COMMON_BLOCKS = YES;
				GCC_OPTIMIZATION_LEVEL = 0;
				GCC_PREPROCESSOR_DEFINITIONS = (
					"DEBUG=1",
					"$(inherited)",
				);
				GCC_WARN_64_TO_32_BIT_CONVERSION = YES;
				GCC_WARN_ABOUT_RETURN_TYPE = YES_ERROR;
				GCC_WARN_UNDECLARED_SELECTOR = YES;
				GCC_WARN_UNINITIALIZED_AUTOS = YES_AGGRESSIVE;
				GCC_WARN_UNUSED_FUNCTION = YES;
				GCC_WARN_UNUSED_VARIABLE = YES;
				MACOSX_DEPLOYMENT_TARGET = 10.13;
				MTL_ENABLE_DEBUG_INFO = INCLUDE_SOURCE;
				MTL_FAST_MATH = YES;
				ONLY_ACTIVE_ARCH = YES;
				SDKROOT = macosx;
				SWIFT_ACTIVE_COMPILATION_CONDITIONS = DEBUG;
				SWIFT_OPTIMIZATION_LEVEL = "-Onone";
			};
			name = Debug;
		};
		6033BB8D21947AA80085666B /* Release */ = {
			isa = XCBuildConfiguration;
			buildSettings = {
				ALWAYS_SEARCH_USER_PATHS = NO;
				CLANG_ANALYZER_NONNULL = YES;
				CLANG_ANALYZER_NUMBER_OBJECT_CONVERSION = YES_AGGRESSIVE;
				CLANG_CXX_LANGUAGE_STANDARD = "gnu++14";
				CLANG_CXX_LIBRARY = "libc++";
				CLANG_ENABLE_MODULES = YES;
				CLANG_ENABLE_OBJC_ARC = YES;
				CLANG_ENABLE_OBJC_WEAK = YES;
				CLANG_WARN_BLOCK_CAPTURE_AUTORELEASING = YES;
				CLANG_WARN_BOOL_CONVERSION = YES;
				CLANG_WARN_COMMA = YES;
				CLANG_WARN_CONSTANT_CONVERSION = YES;
				CLANG_WARN_DEPRECATED_OBJC_IMPLEMENTATIONS = YES;
				CLANG_WARN_DIRECT_OBJC_ISA_USAGE = YES_ERROR;
				CLANG_WARN_DOCUMENTATION_COMMENTS = YES;
				CLANG_WARN_EMPTY_BODY = YES;
				CLANG_WARN_ENUM_CONVERSION = YES;
				CLANG_WARN_INFINITE_RECURSION = YES;
				CLANG_WARN_INT_CONVERSION = YES;
				CLANG_WARN_NON_LITERAL_NULL_CONVERSION = YES;
				CLANG_WARN_OBJC_IMPLICIT_RETAIN_SELF = YES;
				CLANG_WARN_OBJC_LITERAL_CONVERSION = YES;
				CLANG_WARN_OBJC_ROOT_CLASS = YES_ERROR;
				CLANG_WARN_RANGE_LOOP_ANALYSIS = YES;
				CLANG_WARN_STRICT_PROTOTYPES = YES;
				CLANG_WARN_SUSPICIOUS_MOVE = YES;
				CLANG_WARN_UNGUARDED_AVAILABILITY = YES_AGGRESSIVE;
				CLANG_WARN_UNREACHABLE_CODE = YES;
				CLANG_WARN__DUPLICATE_METHOD_MATCH = YES;
				CODE_SIGN_IDENTITY = "-";
				COPY_PHASE_STRIP = NO;
				DEBUG_INFORMATION_FORMAT = "dwarf-with-dsym";
				ENABLE_NS_ASSERTIONS = NO;
				ENABLE_STRICT_OBJC_MSGSEND = YES;
				GCC_C_LANGUAGE_STANDARD = gnu11;
				GCC_NO_COMMON_BLOCKS = YES;
				GCC_WARN_64_TO_32_BIT_CONVERSION = YES;
				GCC_WARN_ABOUT_RETURN_TYPE = YES_ERROR;
				GCC_WARN_UNDECLARED_SELECTOR = YES;
				GCC_WARN_UNINITIALIZED_AUTOS = YES_AGGRESSIVE;
				GCC_WARN_UNUSED_FUNCTION = YES;
				GCC_WARN_UNUSED_VARIABLE = YES;
				MACOSX_DEPLOYMENT_TARGET = 10.13;
				MTL_ENABLE_DEBUG_INFO = NO;
				MTL_FAST_MATH = YES;
				SDKROOT = macosx;
				SWIFT_COMPILATION_MODE = wholemodule;
				SWIFT_OPTIMIZATION_LEVEL = "-O";
			};
			name = Release;
		};
		6033BB8F21947AA80085666B /* Debug */ = {
			isa = XCBuildConfiguration;
			buildSettings = {
				ALWAYS_EMBED_SWIFT_STANDARD_LIBRARIES = YES;
				ASSETCATALOG_COMPILER_APPICON_NAME = AppIcon;
				CODE_SIGN_ENTITLEMENTS = DCrypt/DCrypt.entitlements;
				CODE_SIGN_STYLE = Automatic;
				COMBINE_HIDPI_IMAGES = YES;
				INFOPLIST_FILE = DCrypt/Info.plist;
				LD_RUNPATH_SEARCH_PATHS = (
					"$(inherited)",
					"@executable_path/../Frameworks",
				);
				PRODUCT_BUNDLE_IDENTIFIER = tmp.mamFyNJe.DCrypt;
				PRODUCT_NAME = "$(TARGET_NAME)";
				SWIFT_VERSION = 4.2;
			};
			name = Debug;
		};
		6033BB9021947AA80085666B /* Release */ = {
			isa = XCBuildConfiguration;
			buildSettings = {
				ALWAYS_EMBED_SWIFT_STANDARD_LIBRARIES = YES;
				ASSETCATALOG_COMPILER_APPICON_NAME = AppIcon;
				CODE_SIGN_ENTITLEMENTS = DCrypt/DCrypt.entitlements;
				CODE_SIGN_STYLE = Automatic;
				COMBINE_HIDPI_IMAGES = YES;
				INFOPLIST_FILE = DCrypt/Info.plist;
				LD_RUNPATH_SEARCH_PATHS = (
					"$(inherited)",
					"@executable_path/../Frameworks",
				);
				PRODUCT_BUNDLE_IDENTIFIER = tmp.mamFyNJe.DCrypt;
				PRODUCT_NAME = "$(TARGET_NAME)";
				SWIFT_VERSION = 4.2;
			};
			name = Release;
		};
		6033BBFA219B1A0F0085666B /* Debug */ = {
			isa = XCBuildConfiguration;
			buildSettings = {
				BUNDLE_LOADER = "$(TEST_HOST)";
				CODE_SIGN_STYLE = Automatic;
				COMBINE_HIDPI_IMAGES = YES;
				INFOPLIST_FILE = DCryptTests/Info.plist;
				LD_RUNPATH_SEARCH_PATHS = (
					"$(inherited)",
					"@executable_path/../Frameworks",
					"@loader_path/../Frameworks",
				);
				PRODUCT_BUNDLE_IDENTIFIER = tmp.mamFyNJe.DCryptTests;
				PRODUCT_NAME = "$(TARGET_NAME)";
				SWIFT_VERSION = 4.2;
				TEST_HOST = "$(BUILT_PRODUCTS_DIR)/DCrypt.app/Contents/MacOS/DCrypt";
			};
			name = Debug;
		};
		6033BBFB219B1A0F0085666B /* Release */ = {
			isa = XCBuildConfiguration;
			buildSettings = {
				BUNDLE_LOADER = "$(TEST_HOST)";
				CODE_SIGN_STYLE = Automatic;
				COMBINE_HIDPI_IMAGES = YES;
				INFOPLIST_FILE = DCryptTests/Info.plist;
				LD_RUNPATH_SEARCH_PATHS = (
					"$(inherited)",
					"@executable_path/../Frameworks",
					"@loader_path/../Frameworks",
				);
				PRODUCT_BUNDLE_IDENTIFIER = tmp.mamFyNJe.DCryptTests;
				PRODUCT_NAME = "$(TARGET_NAME)";
				SWIFT_VERSION = 4.2;
				TEST_HOST = "$(BUILT_PRODUCTS_DIR)/DCrypt.app/Contents/MacOS/DCrypt";
			};
			name = Release;
		};
/* End XCBuildConfiguration section */

/* Begin XCConfigurationList section */
		6033BB7921947AA70085666B /* Build configuration list for PBXProject "DCrypt" */ = {
			isa = XCConfigurationList;
			buildConfigurations = (
				6033BB8C21947AA80085666B /* Debug */,
				6033BB8D21947AA80085666B /* Release */,
			);
			defaultConfigurationIsVisible = 0;
			defaultConfigurationName = Release;
		};
		6033BB8E21947AA80085666B /* Build configuration list for PBXNativeTarget "DCrypt" */ = {
			isa = XCConfigurationList;
			buildConfigurations = (
				6033BB8F21947AA80085666B /* Debug */,
				6033BB9021947AA80085666B /* Release */,
			);
			defaultConfigurationIsVisible = 0;
			defaultConfigurationName = Release;
		};
		6033BC00219B1A0F0085666B /* Build configuration list for PBXNativeTarget "DCryptTests" */ = {
			isa = XCConfigurationList;
			buildConfigurations = (
				6033BBFA219B1A0F0085666B /* Debug */,
				6033BBFB219B1A0F0085666B /* Release */,
			);
			defaultConfigurationIsVisible = 0;
			defaultConfigurationName = Release;
		};
/* End XCConfigurationList section */
	};
	rootObject = 6033BB7621947AA70085666B /* Project object */;
}
